
Microsoft Visual Studio Solution File, Format Version 12.00
# Visual Studio Version 16
VisualStudioVersion = 16.0.30804.86
MinimumVisualStudioVersion = 10.0.40219.1
Project("{2150E333-8FDC-42A3-9474-1A3956D46DE8}") = "Solution Items", "Solution Items", "{888A7E57-59DB-4645-99D9-A60F3BFC8A4B}"
	ProjectSection(SolutionItems) = preProject
		.editorconfig = .editorconfig
		.gitignore = .gitignore
	EndProjectSection
EndProject
Project("{2150E333-8FDC-42A3-9474-1A3956D46DE8}") = ".devops", ".devops", "{2EC819E1-D5EF-4808-9675-F819023DCB1F}"
EndProject
Project("{2150E333-8FDC-42A3-9474-1A3956D46DE8}") = "src", "src", "{35E169E2-83D4-4140-BBEB-EA857BB144CD}"
EndProject
Project("{2150E333-8FDC-42A3-9474-1A3956D46DE8}") = "tests", "tests", "{7E0B4945-113D-4559-9BD5-82BC38DBC290}"
EndProject
Project("{2150E333-8FDC-42A3-9474-1A3956D46DE8}") = "Core", "Core", "{91FDD290-E9B6-44E4-8DCA-B86F446D4666}"
EndProject
Project("{2150E333-8FDC-42A3-9474-1A3956D46DE8}") = "Infrastructure", "Infrastructure", "{E7933276-193D-481A-B688-279CADC743AC}"
EndProject
Project("{2150E333-8FDC-42A3-9474-1A3956D46DE8}") = "UI", "UI", "{1F2F0475-A944-4810-8312-CB53586E1096}"
EndProject
Project("{FAE04EC0-301F-11D3-BF4B-00C04F79EFBC}") = "Domain", "src\Domain\Domain.csproj", "{373CAF2E-6E1F-438D-A191-44F70629E79A}"
EndProject
Project("{FAE04EC0-301F-11D3-BF4B-00C04F79EFBC}") = "Application", "src\Application\Application.csproj", "{41CF6B3B-1D30-4B2B-AAE6-BEF73E1E0762}"
EndProject
Project("{9A19103F-16F7-4668-BE54-9A1E7A4F7556}") = "Web", "src\Web\Web.csproj", "{AA888090-09C9-4C15-A924-F793CD676262}"
EndProject
Project("{9A19103F-16F7-4668-BE54-9A1E7A4F7556}") = "Infrastructure", "src\Infrastructure\Infrastructure.csproj", "{19936148-5FFC-47CD-A979-725309D203F0}"
EndProject
Project("{2150E333-8FDC-42A3-9474-1A3956D46DE8}") = "EndToEnd", "EndToEnd", "{BDCA2B1B-37A6-4AF4-982F-C8696E0983BA}"
EndProject
Project("{2150E333-8FDC-42A3-9474-1A3956D46DE8}") = "Integration", "Integration", "{AB1A0219-0111-4B61-9E03-FA29DF5FB44C}"
EndProject
Project("{2150E333-8FDC-42A3-9474-1A3956D46DE8}") = "Unit", "Unit", "{4D6FCC76-B41D-4E52-8EC6-5931567F6841}"
EndProject
Project("{FAE04EC0-301F-11D3-BF4B-00C04F79EFBC}") = "Domain.UnitTests", "tests\Domain.UnitTests\Domain.UnitTests.csproj", "{A86E2933-E48C-48B4-B144-6DB1AAD25896}"
EndProject
Project("{9A19103F-16F7-4668-BE54-9A1E7A4F7556}") = "Persistence", "src\Persistence\Persistence.csproj", "{BFC28022-6B2E-491E-AB00-149C9C87B1BD}"
EndProject
Project("{9A19103F-16F7-4668-BE54-9A1E7A4F7556}") = "Application.UnitTests", "tests\Application.UnitTests\Application.UnitTests.csproj", "{31BE7134-3667-4141-9D3C-467E3FC28052}"
EndProject
Project("{9A19103F-16F7-4668-BE54-9A1E7A4F7556}") = "Infrastructure.Integration", "tests\Infrastructure.IntegrationTests\Infrastructure.Integration.csproj", "{1B7C92D1-EB6D-4E18-8A64-0BA7D604500D}"
EndProject
Project("{9A19103F-16F7-4668-BE54-9A1E7A4F7556}") = "Persistence.IntegrationTests", "tests\Persistence.IntegrationTests\Persistence.IntegrationTests.csproj", "{315FBDF9-7B1A-4751-A114-EA13120AC1DF}"
EndProject
Project("{9A19103F-16F7-4668-BE54-9A1E7A4F7556}") = "Web.EndToEndTests", "tests\Web.EndToEndTests\Web.EndToEndTests.csproj", "{60D3FD87-61D1-4F81-97B3-315A82DF180C}"
EndProject
Global
	GlobalSection(SolutionConfigurationPlatforms) = preSolution
		Debug|Any CPU = Debug|Any CPU
		Release|Any CPU = Release|Any CPU
	EndGlobalSection
	GlobalSection(ProjectConfigurationPlatforms) = postSolution
		{373CAF2E-6E1F-438D-A191-44F70629E79A}.Debug|Any CPU.ActiveCfg = Debug|Any CPU
		{373CAF2E-6E1F-438D-A191-44F70629E79A}.Debug|Any CPU.Build.0 = Debug|Any CPU
		{373CAF2E-6E1F-438D-A191-44F70629E79A}.Release|Any CPU.ActiveCfg = Release|Any CPU
		{373CAF2E-6E1F-438D-A191-44F70629E79A}.Release|Any CPU.Build.0 = Release|Any CPU
		{41CF6B3B-1D30-4B2B-AAE6-BEF73E1E0762}.Debug|Any CPU.ActiveCfg = Debug|Any CPU
		{41CF6B3B-1D30-4B2B-AAE6-BEF73E1E0762}.Debug|Any CPU.Build.0 = Debug|Any CPU
		{41CF6B3B-1D30-4B2B-AAE6-BEF73E1E0762}.Release|Any CPU.ActiveCfg = Release|Any CPU
		{41CF6B3B-1D30-4B2B-AAE6-BEF73E1E0762}.Release|Any CPU.Build.0 = Release|Any CPU
		{AA888090-09C9-4C15-A924-F793CD676262}.Debug|Any CPU.ActiveCfg = Debug|Any CPU
		{AA888090-09C9-4C15-A924-F793CD676262}.Debug|Any CPU.Build.0 = Debug|Any CPU
		{AA888090-09C9-4C15-A924-F793CD676262}.Release|Any CPU.ActiveCfg = Release|Any CPU
		{AA888090-09C9-4C15-A924-F793CD676262}.Release|Any CPU.Build.0 = Release|Any CPU
		{19936148-5FFC-47CD-A979-725309D203F0}.Debug|Any CPU.ActiveCfg = Debug|Any CPU
		{19936148-5FFC-47CD-A979-725309D203F0}.Debug|Any CPU.Build.0 = Debug|Any CPU
		{19936148-5FFC-47CD-A979-725309D203F0}.Release|Any CPU.ActiveCfg = Release|Any CPU
		{19936148-5FFC-47CD-A979-725309D203F0}.Release|Any CPU.Build.0 = Release|Any CPU
		{A86E2933-E48C-48B4-B144-6DB1AAD25896}.Debug|Any CPU.ActiveCfg = Debug|Any CPU
		{A86E2933-E48C-48B4-B144-6DB1AAD25896}.Debug|Any CPU.Build.0 = Debug|Any CPU
		{A86E2933-E48C-48B4-B144-6DB1AAD25896}.Release|Any CPU.ActiveCfg = Release|Any CPU
		{A86E2933-E48C-48B4-B144-6DB1AAD25896}.Release|Any CPU.Build.0 = Release|Any CPU
		{BFC28022-6B2E-491E-AB00-149C9C87B1BD}.Debug|Any CPU.ActiveCfg = Debug|Any CPU
		{BFC28022-6B2E-491E-AB00-149C9C87B1BD}.Debug|Any CPU.Build.0 = Debug|Any CPU
		{BFC28022-6B2E-491E-AB00-149C9C87B1BD}.Release|Any CPU.ActiveCfg = Release|Any CPU
		{BFC28022-6B2E-491E-AB00-149C9C87B1BD}.Release|Any CPU.Build.0 = Release|Any CPU
		{31BE7134-3667-4141-9D3C-467E3FC28052}.Debug|Any CPU.ActiveCfg = Debug|Any CPU
		{31BE7134-3667-4141-9D3C-467E3FC28052}.Debug|Any CPU.Build.0 = Debug|Any CPU
		{31BE7134-3667-4141-9D3C-467E3FC28052}.Release|Any CPU.ActiveCfg = Release|Any CPU
		{31BE7134-3667-4141-9D3C-467E3FC28052}.Release|Any CPU.Build.0 = Release|Any CPU
		{1B7C92D1-EB6D-4E18-8A64-0BA7D604500D}.Debug|Any CPU.ActiveCfg = Debug|Any CPU
		{1B7C92D1-EB6D-4E18-8A64-0BA7D604500D}.Debug|Any CPU.Build.0 = Debug|Any CPU
		{1B7C92D1-EB6D-4E18-8A64-0BA7D604500D}.Release|Any CPU.ActiveCfg = Release|Any CPU
		{1B7C92D1-EB6D-4E18-8A64-0BA7D604500D}.Release|Any CPU.Build.0 = Release|Any CPU
		{315FBDF9-7B1A-4751-A114-EA13120AC1DF}.Debug|Any CPU.ActiveCfg = Debug|Any CPU
		{315FBDF9-7B1A-4751-A114-EA13120AC1DF}.Debug|Any CPU.Build.0 = Debug|Any CPU
		{315FBDF9-7B1A-4751-A114-EA13120AC1DF}.Release|Any CPU.ActiveCfg = Release|Any CPU
		{315FBDF9-7B1A-4751-A114-EA13120AC1DF}.Release|Any CPU.Build.0 = Release|Any CPU
		{60D3FD87-61D1-4F81-97B3-315A82DF180C}.Debug|Any CPU.ActiveCfg = Debug|Any CPU
		{60D3FD87-61D1-4F81-97B3-315A82DF180C}.Debug|Any CPU.Build.0 = Debug|Any CPU
		{60D3FD87-61D1-4F81-97B3-315A82DF180C}.Release|Any CPU.ActiveCfg = Release|Any CPU
		{60D3FD87-61D1-4F81-97B3-315A82DF180C}.Release|Any CPU.Build.0 = Release|Any CPU
	EndGlobalSection
	GlobalSection(SolutionProperties) = preSolution
		HideSolutionNode = FALSE
	EndGlobalSection
	GlobalSection(NestedProjects) = preSolution
		{91FDD290-E9B6-44E4-8DCA-B86F446D4666} = {35E169E2-83D4-4140-BBEB-EA857BB144CD}
		{E7933276-193D-481A-B688-279CADC743AC} = {35E169E2-83D4-4140-BBEB-EA857BB144CD}
		{1F2F0475-A944-4810-8312-CB53586E1096} = {35E169E2-83D4-4140-BBEB-EA857BB144CD}
		{373CAF2E-6E1F-438D-A191-44F70629E79A} = {91FDD290-E9B6-44E4-8DCA-B86F446D4666}
		{41CF6B3B-1D30-4B2B-AAE6-BEF73E1E0762} = {91FDD290-E9B6-44E4-8DCA-B86F446D4666}
		{AA888090-09C9-4C15-A924-F793CD676262} = {1F2F0475-A944-4810-8312-CB53586E1096}
		{19936148-5FFC-47CD-A979-725309D203F0} = {E7933276-193D-481A-B688-279CADC743AC}
		{BDCA2B1B-37A6-4AF4-982F-C8696E0983BA} = {7E0B4945-113D-4559-9BD5-82BC38DBC290}
		{AB1A0219-0111-4B61-9E03-FA29DF5FB44C} = {7E0B4945-113D-4559-9BD5-82BC38DBC290}
		{4D6FCC76-B41D-4E52-8EC6-5931567F6841} = {7E0B4945-113D-4559-9BD5-82BC38DBC290}
		{A86E2933-E48C-48B4-B144-6DB1AAD25896} = {4D6FCC76-B41D-4E52-8EC6-5931567F6841}
		{BFC28022-6B2E-491E-AB00-149C9C87B1BD} = {E7933276-193D-481A-B688-279CADC743AC}
		{31BE7134-3667-4141-9D3C-467E3FC28052} = {4D6FCC76-B41D-4E52-8EC6-5931567F6841}
		{1B7C92D1-EB6D-4E18-8A64-0BA7D604500D} = {AB1A0219-0111-4B61-9E03-FA29DF5FB44C}
		{315FBDF9-7B1A-4751-A114-EA13120AC1DF} = {AB1A0219-0111-4B61-9E03-FA29DF5FB44C}
		{60D3FD87-61D1-4F81-97B3-315A82DF180C} = {BDCA2B1B-37A6-4AF4-982F-C8696E0983BA}
	EndGlobalSection
	GlobalSection(ExtensibilityGlobals) = postSolution
		SolutionGuid = {0D5B4428-3BAF-417F-8B4A-600A275A7286}
	EndGlobalSection
EndGlobal
